
Microsoft Visual Studio Solution File, Format Version 12.00
# Visual Studio Version 16
VisualStudioVersion = 16.0.31205.134
MinimumVisualStudioVersion = 10.0.40219.1
Project("{FAE04EC0-301F-11D3-BF4B-00C04F79EFBC}") = "nlang.net", "nlang.net\nlang.net.csproj", "{83C6CDB6-A8AA-4E8E-BCF1-B2FF1D6340E2}"
EndProject
Project("{FAE04EC0-301F-11D3-BF4B-00C04F79EFBC}") = "nlang.net.test", "nlang.net.test\nlang.net.test.csproj", "{665D9814-DDCD-4DB3-B855-A3A98C339C86}"
EndProject
Global
	GlobalSection(SolutionConfigurationPlatforms) = preSolution
		Debug|Any CPU = Debug|Any CPU
		Release|Any CPU = Release|Any CPU
	EndGlobalSection
	GlobalSection(ProjectConfigurationPlatforms) = postSolution
		{83C6CDB6-A8AA-4E8E-BCF1-B2FF1D6340E2}.Debug|Any CPU.ActiveCfg = Debug|Any CPU
		{83C6CDB6-A8AA-4E8E-BCF1-B2FF1D6340E2}.Debug|Any CPU.Build.0 = Debug|Any CPU
		{83C6CDB6-A8AA-4E8E-BCF1-B2FF1D6340E2}.Release|Any CPU.ActiveCfg = Release|Any CPU
		{83C6CDB6-A8AA-4E8E-BCF1-B2FF1D6340E2}.Release|Any CPU.Build.0 = Release|Any CPU
		{665D9814-DDCD-4DB3-B855-A3A98C339C86}.Debug|Any CPU.ActiveCfg = Debug|Any CPU
		{665D9814-DDCD-4DB3-B855-A3A98C339C86}.Debug|Any CPU.Build.0 = Debug|Any CPU
		{665D9814-DDCD-4DB3-B855-A3A98C339C86}.Release|Any CPU.ActiveCfg = Release|Any CPU
		{665D9814-DDCD-4DB3-B855-A3A98C339C86}.Release|Any CPU.Build.0 = Release|Any CPU
	EndGlobalSection
	GlobalSection(SolutionProperties) = preSolution
		HideSolutionNode = FALSE
	EndGlobalSection
	GlobalSection(ExtensibilityGlobals) = postSolution
		SolutionGuid = {1BFFB65F-A92E-4071-950F-74F04D54CDC5}
	EndGlobalSection
EndGlobal
