
Microsoft Visual Studio Solution File, Format Version 12.00
# Visual Studio Version 16
VisualStudioVersion = 16.0.31205.134
MinimumVisualStudioVersion = 10.0.40219.1
Project("{FAE04EC0-301F-11D3-BF4B-00C04F79EFBC}") = "nlang", "nlang\nlang.csproj", "{BC1EB70C-55A3-473C-8AA0-0B8198476BBF}"
EndProject
Global
	GlobalSection(SolutionConfigurationPlatforms) = preSolution
		Debug|Any CPU = Debug|Any CPU
		Release|Any CPU = Release|Any CPU
	EndGlobalSection
	GlobalSection(ProjectConfigurationPlatforms) = postSolution
		{BC1EB70C-55A3-473C-8AA0-0B8198476BBF}.Debug|Any CPU.ActiveCfg = Debug|Any CPU
		{BC1EB70C-55A3-473C-8AA0-0B8198476BBF}.Debug|Any CPU.Build.0 = Debug|Any CPU
		{BC1EB70C-55A3-473C-8AA0-0B8198476BBF}.Release|Any CPU.ActiveCfg = Release|Any CPU
		{BC1EB70C-55A3-473C-8AA0-0B8198476BBF}.Release|Any CPU.Build.0 = Release|Any CPU
	EndGlobalSection
	GlobalSection(SolutionProperties) = preSolution
		HideSolutionNode = FALSE
	EndGlobalSection
	GlobalSection(ExtensibilityGlobals) = postSolution
		SolutionGuid = {1BFFB65F-A92E-4071-950F-74F04D54CDC5}
	EndGlobalSection
EndGlobal
